// !$*UTF8*$!
{
	archiveVersion = 1;
	classes = {
	};
	objectVersion = 55;
	objects = {

/* Begin PBXBuildFile section */
		570F9B7D28A570F000AC1C66 /* FirebaseAnalytics in Frameworks */ = {isa = PBXBuildFile; productRef = 570F9B7C28A570F000AC1C66 /* FirebaseAnalytics */; };
		570F9B7F28A570F000AC1C66 /* FirebaseAnalyticsOnDeviceConversion in Frameworks */ = {isa = PBXBuildFile; productRef = 570F9B7E28A570F000AC1C66 /* FirebaseAnalyticsOnDeviceConversion */; };
		570F9B8128A570F000AC1C66 /* FirebaseAnalyticsSwift in Frameworks */ = {isa = PBXBuildFile; productRef = 570F9B8028A570F000AC1C66 /* FirebaseAnalyticsSwift */; };
		570F9B8328A570F000AC1C66 /* FirebaseAnalyticsWithoutAdIdSupport in Frameworks */ = {isa = PBXBuildFile; productRef = 570F9B8228A570F000AC1C66 /* FirebaseAnalyticsWithoutAdIdSupport */; };
		570F9B8528A570F000AC1C66 /* FirebaseMessaging in Frameworks */ = {isa = PBXBuildFile; productRef = 570F9B8428A570F000AC1C66 /* FirebaseMessaging */; };
		570F9B8728A570F000AC1C66 /* FirebaseRemoteConfig in Frameworks */ = {isa = PBXBuildFile; productRef = 570F9B8628A570F000AC1C66 /* FirebaseRemoteConfig */; };
		570F9B8928A570F000AC1C66 /* FirebaseRemoteConfigSwift in Frameworks */ = {isa = PBXBuildFile; productRef = 570F9B8828A570F000AC1C66 /* FirebaseRemoteConfigSwift */; };
		574E278528A42EC4009AEC75 /* NetworkContracts.swift in Sources */ = {isa = PBXBuildFile; fileRef = 574E278428A42EC4009AEC75 /* NetworkContracts.swift */; };
		574E278728A42ECD009AEC75 /* HttpMethod.swift in Sources */ = {isa = PBXBuildFile; fileRef = 574E278628A42ECD009AEC75 /* HttpMethod.swift */; };
		574E278928A42ED5009AEC75 /* HttpHeader.swift in Sources */ = {isa = PBXBuildFile; fileRef = 574E278828A42ED5009AEC75 /* HttpHeader.swift */; };
		574E278B28A42EDC009AEC75 /* NetworkExecuter.swift in Sources */ = {isa = PBXBuildFile; fileRef = 574E278A28A42EDC009AEC75 /* NetworkExecuter.swift */; };
		574E278D28A42EE2009AEC75 /* NetworkError.swift in Sources */ = {isa = PBXBuildFile; fileRef = 574E278C28A42EE2009AEC75 /* NetworkError.swift */; };
		574E279128A42F25009AEC75 /* Connectivity.swift in Sources */ = {isa = PBXBuildFile; fileRef = 574E279028A42F25009AEC75 /* Connectivity.swift */; };
		574E279328A42F7D009AEC75 /* SplashViewContracts.swift in Sources */ = {isa = PBXBuildFile; fileRef = 574E279228A42F7D009AEC75 /* SplashViewContracts.swift */; };
		574E279528A42F89009AEC75 /* SplashViewModel.swift in Sources */ = {isa = PBXBuildFile; fileRef = 574E279428A42F89009AEC75 /* SplashViewModel.swift */; };
		574E279828A4304D009AEC75 /* Alamofire in Frameworks */ = {isa = PBXBuildFile; productRef = 574E279728A4304D009AEC75 /* Alamofire */; };
		574E279B28A4306A009AEC75 /* TinyConstraints in Frameworks */ = {isa = PBXBuildFile; productRef = 574E279A28A4306A009AEC75 /* TinyConstraints */; };
		574E279D28A4321D009AEC75 /* SceneDelegate.swift in Sources */ = {isa = PBXBuildFile; fileRef = 574E279C28A4321D009AEC75 /* SceneDelegate.swift */; };
		574E27A028A43415009AEC75 /* HomeViewController.swift in Sources */ = {isa = PBXBuildFile; fileRef = 574E279F28A43415009AEC75 /* HomeViewController.swift */; };
		574E27E028A43668009AEC75 /* HomeViewBuilder.swift in Sources */ = {isa = PBXBuildFile; fileRef = 574E27DF28A43668009AEC75 /* HomeViewBuilder.swift */; };
		574E27E228A438EB009AEC75 /* GoogleService-Info.plist in Resources */ = {isa = PBXBuildFile; fileRef = 574E27E128A438EB009AEC75 /* GoogleService-Info.plist */; };
		574E27ED28A44220009AEC75 /* HTTPClients.swift in Sources */ = {isa = PBXBuildFile; fileRef = 574E27EC28A44220009AEC75 /* HTTPClients.swift */; };
		574E27F028A444F6009AEC75 /* MoviesDataSources.swift in Sources */ = {isa = PBXBuildFile; fileRef = 574E27EF28A444F6009AEC75 /* MoviesDataSources.swift */; };
		574E27F328A44543009AEC75 /* Movies.swift in Sources */ = {isa = PBXBuildFile; fileRef = 574E27F228A44543009AEC75 /* Movies.swift */; };
		574E27F528A445AA009AEC75 /* Search.swift in Sources */ = {isa = PBXBuildFile; fileRef = 574E27F428A445AA009AEC75 /* Search.swift */; };
		574E27F728A445FE009AEC75 /* MoviesServices.swift in Sources */ = {isa = PBXBuildFile; fileRef = 574E27F628A445FE009AEC75 /* MoviesServices.swift */; };
		574E27F928A44651009AEC75 /* HomeViewModel.swift in Sources */ = {isa = PBXBuildFile; fileRef = 574E27F828A44651009AEC75 /* HomeViewModel.swift */; };
		574E27FB28A44672009AEC75 /* HomeViewContracts.swift in Sources */ = {isa = PBXBuildFile; fileRef = 574E27FA28A44672009AEC75 /* HomeViewContracts.swift */; };
		574E27FF28A449BB009AEC75 /* MovieRepositoryContracts.swift in Sources */ = {isa = PBXBuildFile; fileRef = 574E27FE28A449BB009AEC75 /* MovieRepositoryContracts.swift */; };
		574E280128A449C3009AEC75 /* MovieRepository.swift in Sources */ = {isa = PBXBuildFile; fileRef = 574E280028A449C3009AEC75 /* MovieRepository.swift */; };
		574E280428A44DA0009AEC75 /* TableView+Extensions.swift in Sources */ = {isa = PBXBuildFile; fileRef = 574E280328A44DA0009AEC75 /* TableView+Extensions.swift */; };
		574E280828A4E7BE009AEC75 /* EmptyCellView.swift in Sources */ = {isa = PBXBuildFile; fileRef = 574E280728A4E7BE009AEC75 /* EmptyCellView.swift */; };
		574E280F28A4F04B009AEC75 /* MovieCell.swift in Sources */ = {isa = PBXBuildFile; fileRef = 574E280E28A4F04B009AEC75 /* MovieCell.swift */; };
		574E281228A4F189009AEC75 /* Kingfisher in Frameworks */ = {isa = PBXBuildFile; productRef = 574E281128A4F189009AEC75 /* Kingfisher */; };
		574E281428A4F1C8009AEC75 /* String+Extensions.swift in Sources */ = {isa = PBXBuildFile; fileRef = 574E281328A4F1C8009AEC75 /* String+Extensions.swift */; };
		574E281728A51A47009AEC75 /* MovieDetailViewController.swift in Sources */ = {isa = PBXBuildFile; fileRef = 574E281628A51A47009AEC75 /* MovieDetailViewController.swift */; };
		574E281928A51A53009AEC75 /* MovieDetailBuilder.swift in Sources */ = {isa = PBXBuildFile; fileRef = 574E281828A51A53009AEC75 /* MovieDetailBuilder.swift */; };
		574E281B28A51A5C009AEC75 /* MovieDetailContracts.swift in Sources */ = {isa = PBXBuildFile; fileRef = 574E281A28A51A5C009AEC75 /* MovieDetailContracts.swift */; };
		574E281D28A51A64009AEC75 /* MovieDetailViewModel.swift in Sources */ = {isa = PBXBuildFile; fileRef = 574E281C28A51A64009AEC75 /* MovieDetailViewModel.swift */; };
		574E281F28A51E79009AEC75 /* MovieMetaData.swift in Sources */ = {isa = PBXBuildFile; fileRef = 574E281E28A51E79009AEC75 /* MovieMetaData.swift */; };
		574E282128A51EB3009AEC75 /* Rating.swift in Sources */ = {isa = PBXBuildFile; fileRef = 574E282028A51EB3009AEC75 /* Rating.swift */; };
		5792811828A5261C003A119B /* ChipView.swift in Sources */ = {isa = PBXBuildFile; fileRef = 5792811728A5261C003A119B /* ChipView.swift */; };
		5792811A28A5271E003A119B /* RatingsView.swift in Sources */ = {isa = PBXBuildFile; fileRef = 5792811928A5271E003A119B /* RatingsView.swift */; };
		5792811C28A5288A003A119B /* StackView+Extension.swift in Sources */ = {isa = PBXBuildFile; fileRef = 5792811B28A5288A003A119B /* StackView+Extension.swift */; };
		5792811E28A53D76003A119B /* DataRowView.swift in Sources */ = {isa = PBXBuildFile; fileRef = 5792811D28A53D76003A119B /* DataRowView.swift */; };
		57A6749C28A3B66F00B30677 /* AppDelegate.swift in Sources */ = {isa = PBXBuildFile; fileRef = 57A6749B28A3B66F00B30677 /* AppDelegate.swift */; };
		57A674A528A3B67200B30677 /* Assets.xcassets in Resources */ = {isa = PBXBuildFile; fileRef = 57A674A428A3B67200B30677 /* Assets.xcassets */; };
		57A674A828A3B67200B30677 /* LaunchScreen.storyboard in Resources */ = {isa = PBXBuildFile; fileRef = 57A674A628A3B67200B30677 /* LaunchScreen.storyboard */; };
		57A674B328A3B67200B30677 /* lodos_caseTests.swift in Sources */ = {isa = PBXBuildFile; fileRef = 57A674B228A3B67200B30677 /* lodos_caseTests.swift */; };
		57A674BD28A3B67200B30677 /* lodos_caseUITests.swift in Sources */ = {isa = PBXBuildFile; fileRef = 57A674BC28A3B67200B30677 /* lodos_caseUITests.swift */; };
		57A674BF28A3B67200B30677 /* lodos_caseUITestsLaunchTests.swift in Sources */ = {isa = PBXBuildFile; fileRef = 57A674BE28A3B67200B30677 /* lodos_caseUITestsLaunchTests.swift */; };
		57A674D028A3B7E900B30677 /* SplashViewController.swift in Sources */ = {isa = PBXBuildFile; fileRef = 57A674CF28A3B7E900B30677 /* SplashViewController.swift */; };
/* End PBXBuildFile section */

/* Begin PBXContainerItemProxy section */
		57A674AF28A3B67200B30677 /* PBXContainerItemProxy */ = {
			isa = PBXContainerItemProxy;
			containerPortal = 57A6749028A3B66F00B30677 /* Project object */;
			proxyType = 1;
			remoteGlobalIDString = 57A6749728A3B66F00B30677;
			remoteInfo = lodos_case;
		};
		57A674B928A3B67200B30677 /* PBXContainerItemProxy */ = {
			isa = PBXContainerItemProxy;
			containerPortal = 57A6749028A3B66F00B30677 /* Project object */;
			proxyType = 1;
			remoteGlobalIDString = 57A6749728A3B66F00B30677;
			remoteInfo = lodos_case;
		};
/* End PBXContainerItemProxy section */

/* Begin PBXFileReference section */
		574E278428A42EC4009AEC75 /* NetworkContracts.swift */ = {isa = PBXFileReference; lastKnownFileType = sourcecode.swift; path = NetworkContracts.swift; sourceTree = "<group>"; };
		574E278628A42ECD009AEC75 /* HttpMethod.swift */ = {isa = PBXFileReference; lastKnownFileType = sourcecode.swift; path = HttpMethod.swift; sourceTree = "<group>"; };
		574E278828A42ED5009AEC75 /* HttpHeader.swift */ = {isa = PBXFileReference; lastKnownFileType = sourcecode.swift; path = HttpHeader.swift; sourceTree = "<group>"; };
		574E278A28A42EDC009AEC75 /* NetworkExecuter.swift */ = {isa = PBXFileReference; lastKnownFileType = sourcecode.swift; path = NetworkExecuter.swift; sourceTree = "<group>"; };
		574E278C28A42EE2009AEC75 /* NetworkError.swift */ = {isa = PBXFileReference; lastKnownFileType = sourcecode.swift; path = NetworkError.swift; sourceTree = "<group>"; };
		574E279028A42F25009AEC75 /* Connectivity.swift */ = {isa = PBXFileReference; lastKnownFileType = sourcecode.swift; path = Connectivity.swift; sourceTree = "<group>"; };
		574E279228A42F7D009AEC75 /* SplashViewContracts.swift */ = {isa = PBXFileReference; lastKnownFileType = sourcecode.swift; path = SplashViewContracts.swift; sourceTree = "<group>"; };
		574E279428A42F89009AEC75 /* SplashViewModel.swift */ = {isa = PBXFileReference; lastKnownFileType = sourcecode.swift; path = SplashViewModel.swift; sourceTree = "<group>"; };
		574E279C28A4321D009AEC75 /* SceneDelegate.swift */ = {isa = PBXFileReference; lastKnownFileType = sourcecode.swift; path = SceneDelegate.swift; sourceTree = "<group>"; };
		574E279F28A43415009AEC75 /* HomeViewController.swift */ = {isa = PBXFileReference; lastKnownFileType = sourcecode.swift; path = HomeViewController.swift; sourceTree = "<group>"; };
		574E27DF28A43668009AEC75 /* HomeViewBuilder.swift */ = {isa = PBXFileReference; lastKnownFileType = sourcecode.swift; path = HomeViewBuilder.swift; sourceTree = "<group>"; };
		574E27E128A438EB009AEC75 /* GoogleService-Info.plist */ = {isa = PBXFileReference; fileEncoding = 4; lastKnownFileType = text.plist.xml; path = "GoogleService-Info.plist"; sourceTree = "<group>"; };
		574E27EC28A44220009AEC75 /* HTTPClients.swift */ = {isa = PBXFileReference; lastKnownFileType = sourcecode.swift; path = HTTPClients.swift; sourceTree = "<group>"; };
		574E27EF28A444F6009AEC75 /* MoviesDataSources.swift */ = {isa = PBXFileReference; lastKnownFileType = sourcecode.swift; path = MoviesDataSources.swift; sourceTree = "<group>"; };
		574E27F228A44543009AEC75 /* Movies.swift */ = {isa = PBXFileReference; lastKnownFileType = sourcecode.swift; path = Movies.swift; sourceTree = "<group>"; };
		574E27F428A445AA009AEC75 /* Search.swift */ = {isa = PBXFileReference; lastKnownFileType = sourcecode.swift; path = Search.swift; sourceTree = "<group>"; };
		574E27F628A445FE009AEC75 /* MoviesServices.swift */ = {isa = PBXFileReference; lastKnownFileType = sourcecode.swift; path = MoviesServices.swift; sourceTree = "<group>"; };
		574E27F828A44651009AEC75 /* HomeViewModel.swift */ = {isa = PBXFileReference; lastKnownFileType = sourcecode.swift; path = HomeViewModel.swift; sourceTree = "<group>"; };
		574E27FA28A44672009AEC75 /* HomeViewContracts.swift */ = {isa = PBXFileReference; lastKnownFileType = sourcecode.swift; path = HomeViewContracts.swift; sourceTree = "<group>"; };
		574E27FE28A449BB009AEC75 /* MovieRepositoryContracts.swift */ = {isa = PBXFileReference; lastKnownFileType = sourcecode.swift; path = MovieRepositoryContracts.swift; sourceTree = "<group>"; };
		574E280028A449C3009AEC75 /* MovieRepository.swift */ = {isa = PBXFileReference; lastKnownFileType = sourcecode.swift; path = MovieRepository.swift; sourceTree = "<group>"; };
		574E280328A44DA0009AEC75 /* TableView+Extensions.swift */ = {isa = PBXFileReference; lastKnownFileType = sourcecode.swift; path = "TableView+Extensions.swift"; sourceTree = "<group>"; };
		574E280728A4E7BE009AEC75 /* EmptyCellView.swift */ = {isa = PBXFileReference; lastKnownFileType = sourcecode.swift; path = EmptyCellView.swift; sourceTree = "<group>"; };
		574E280E28A4F04B009AEC75 /* MovieCell.swift */ = {isa = PBXFileReference; lastKnownFileType = sourcecode.swift; path = MovieCell.swift; sourceTree = "<group>"; };
		574E281328A4F1C8009AEC75 /* String+Extensions.swift */ = {isa = PBXFileReference; lastKnownFileType = sourcecode.swift; path = "String+Extensions.swift"; sourceTree = "<group>"; };
		574E281628A51A47009AEC75 /* MovieDetailViewController.swift */ = {isa = PBXFileReference; lastKnownFileType = sourcecode.swift; path = MovieDetailViewController.swift; sourceTree = "<group>"; };
		574E281828A51A53009AEC75 /* MovieDetailBuilder.swift */ = {isa = PBXFileReference; lastKnownFileType = sourcecode.swift; path = MovieDetailBuilder.swift; sourceTree = "<group>"; };
		574E281A28A51A5C009AEC75 /* MovieDetailContracts.swift */ = {isa = PBXFileReference; lastKnownFileType = sourcecode.swift; path = MovieDetailContracts.swift; sourceTree = "<group>"; };
		574E281C28A51A64009AEC75 /* MovieDetailViewModel.swift */ = {isa = PBXFileReference; lastKnownFileType = sourcecode.swift; path = MovieDetailViewModel.swift; sourceTree = "<group>"; };
		574E281E28A51E79009AEC75 /* MovieMetaData.swift */ = {isa = PBXFileReference; lastKnownFileType = sourcecode.swift; path = MovieMetaData.swift; sourceTree = "<group>"; };
		574E282028A51EB3009AEC75 /* Rating.swift */ = {isa = PBXFileReference; lastKnownFileType = sourcecode.swift; path = Rating.swift; sourceTree = "<group>"; };
		5792811728A5261C003A119B /* ChipView.swift */ = {isa = PBXFileReference; lastKnownFileType = sourcecode.swift; path = ChipView.swift; sourceTree = "<group>"; };
		5792811928A5271E003A119B /* RatingsView.swift */ = {isa = PBXFileReference; lastKnownFileType = sourcecode.swift; path = RatingsView.swift; sourceTree = "<group>"; };
		5792811B28A5288A003A119B /* StackView+Extension.swift */ = {isa = PBXFileReference; lastKnownFileType = sourcecode.swift; path = "StackView+Extension.swift"; sourceTree = "<group>"; };
		5792811D28A53D76003A119B /* DataRowView.swift */ = {isa = PBXFileReference; lastKnownFileType = sourcecode.swift; path = DataRowView.swift; sourceTree = "<group>"; };
		57A6749828A3B66F00B30677 /* lodos_case.app */ = {isa = PBXFileReference; explicitFileType = wrapper.application; includeInIndex = 0; path = lodos_case.app; sourceTree = BUILT_PRODUCTS_DIR; };
		57A6749B28A3B66F00B30677 /* AppDelegate.swift */ = {isa = PBXFileReference; lastKnownFileType = sourcecode.swift; path = AppDelegate.swift; sourceTree = "<group>"; };
		57A674A428A3B67200B30677 /* Assets.xcassets */ = {isa = PBXFileReference; lastKnownFileType = folder.assetcatalog; path = Assets.xcassets; sourceTree = "<group>"; };
		57A674A728A3B67200B30677 /* Base */ = {isa = PBXFileReference; lastKnownFileType = file.storyboard; name = Base; path = Base.lproj/LaunchScreen.storyboard; sourceTree = "<group>"; };
		57A674A928A3B67200B30677 /* Info.plist */ = {isa = PBXFileReference; lastKnownFileType = text.plist.xml; path = Info.plist; sourceTree = "<group>"; };
		57A674AE28A3B67200B30677 /* lodos_caseTests.xctest */ = {isa = PBXFileReference; explicitFileType = wrapper.cfbundle; includeInIndex = 0; path = lodos_caseTests.xctest; sourceTree = BUILT_PRODUCTS_DIR; };
		57A674B228A3B67200B30677 /* lodos_caseTests.swift */ = {isa = PBXFileReference; lastKnownFileType = sourcecode.swift; path = lodos_caseTests.swift; sourceTree = "<group>"; };
		57A674B828A3B67200B30677 /* lodos_caseUITests.xctest */ = {isa = PBXFileReference; explicitFileType = wrapper.cfbundle; includeInIndex = 0; path = lodos_caseUITests.xctest; sourceTree = BUILT_PRODUCTS_DIR; };
		57A674BC28A3B67200B30677 /* lodos_caseUITests.swift */ = {isa = PBXFileReference; lastKnownFileType = sourcecode.swift; path = lodos_caseUITests.swift; sourceTree = "<group>"; };
		57A674BE28A3B67200B30677 /* lodos_caseUITestsLaunchTests.swift */ = {isa = PBXFileReference; lastKnownFileType = sourcecode.swift; path = lodos_caseUITestsLaunchTests.swift; sourceTree = "<group>"; };
		57A674CF28A3B7E900B30677 /* SplashViewController.swift */ = {isa = PBXFileReference; lastKnownFileType = sourcecode.swift; path = SplashViewController.swift; sourceTree = "<group>"; };
/* End PBXFileReference section */

/* Begin PBXFrameworksBuildPhase section */
		57A6749528A3B66F00B30677 /* Frameworks */ = {
			isa = PBXFrameworksBuildPhase;
			buildActionMask = 2147483647;
			files = (
				570F9B8728A570F000AC1C66 /* FirebaseRemoteConfig in Frameworks */,
				570F9B8528A570F000AC1C66 /* FirebaseMessaging in Frameworks */,
				570F9B8128A570F000AC1C66 /* FirebaseAnalyticsSwift in Frameworks */,
				574E279828A4304D009AEC75 /* Alamofire in Frameworks */,
				574E279B28A4306A009AEC75 /* TinyConstraints in Frameworks */,
				570F9B7F28A570F000AC1C66 /* FirebaseAnalyticsOnDeviceConversion in Frameworks */,
				570F9B8328A570F000AC1C66 /* FirebaseAnalyticsWithoutAdIdSupport in Frameworks */,
				570F9B8928A570F000AC1C66 /* FirebaseRemoteConfigSwift in Frameworks */,
				570F9B7D28A570F000AC1C66 /* FirebaseAnalytics in Frameworks */,
				574E281228A4F189009AEC75 /* Kingfisher in Frameworks */,
			);
			runOnlyForDeploymentPostprocessing = 0;
		};
		57A674AB28A3B67200B30677 /* Frameworks */ = {
			isa = PBXFrameworksBuildPhase;
			buildActionMask = 2147483647;
			files = (
			);
			runOnlyForDeploymentPostprocessing = 0;
		};
		57A674B528A3B67200B30677 /* Frameworks */ = {
			isa = PBXFrameworksBuildPhase;
			buildActionMask = 2147483647;
			files = (
			);
			runOnlyForDeploymentPostprocessing = 0;
		};
/* End PBXFrameworksBuildPhase section */

/* Begin PBXGroup section */
		574E278328A42EB2009AEC75 /* DataProvider */ = {
			isa = PBXGroup;
			children = (
				574E27FC28A44993009AEC75 /* Repository */,
				574E27EA28A441F3009AEC75 /* Remote */,
				574E27E928A441EA009AEC75 /* Core */,
			);
			path = DataProvider;
			sourceTree = "<group>";
		};
		574E278E28A42F0B009AEC75 /* Utilities */ = {
			isa = PBXGroup;
			children = (
				574E278F28A42F12009AEC75 /* Connectivity */,
			);
			path = Utilities;
			sourceTree = "<group>";
		};
		574E278F28A42F12009AEC75 /* Connectivity */ = {
			isa = PBXGroup;
			children = (
				574E279028A42F25009AEC75 /* Connectivity.swift */,
			);
			path = Connectivity;
			sourceTree = "<group>";
		};
		574E279E28A43404009AEC75 /* Home */ = {
			isa = PBXGroup;
			children = (
				574E279F28A43415009AEC75 /* HomeViewController.swift */,
				574E27DF28A43668009AEC75 /* HomeViewBuilder.swift */,
				574E27F828A44651009AEC75 /* HomeViewModel.swift */,
				574E27FA28A44672009AEC75 /* HomeViewContracts.swift */,
			);
			path = Home;
			sourceTree = "<group>";
		};
		574E27E928A441EA009AEC75 /* Core */ = {
			isa = PBXGroup;
			children = (
				574E278428A42EC4009AEC75 /* NetworkContracts.swift */,
				574E278628A42ECD009AEC75 /* HttpMethod.swift */,
				574E278828A42ED5009AEC75 /* HttpHeader.swift */,
				574E278A28A42EDC009AEC75 /* NetworkExecuter.swift */,
				574E278C28A42EE2009AEC75 /* NetworkError.swift */,
			);
			path = Core;
			sourceTree = "<group>";
		};
		574E27EA28A441F3009AEC75 /* Remote */ = {
			isa = PBXGroup;
			children = (
				574E27F128A44539009AEC75 /* Models */,
				574E27EE28A444D2009AEC75 /* MoviesServices */,
				574E27EB28A44214009AEC75 /* HTTPClients */,
			);
			path = Remote;
			sourceTree = "<group>";
		};
		574E27EB28A44214009AEC75 /* HTTPClients */ = {
			isa = PBXGroup;
			children = (
				574E27EC28A44220009AEC75 /* HTTPClients.swift */,
			);
			path = HTTPClients;
			sourceTree = "<group>";
		};
		574E27EE28A444D2009AEC75 /* MoviesServices */ = {
			isa = PBXGroup;
			children = (
				574E27EF28A444F6009AEC75 /* MoviesDataSources.swift */,
				574E27F628A445FE009AEC75 /* MoviesServices.swift */,
			);
			path = MoviesServices;
			sourceTree = "<group>";
		};
		574E27F128A44539009AEC75 /* Models */ = {
			isa = PBXGroup;
			children = (
				574E27F228A44543009AEC75 /* Movies.swift */,
				574E27F428A445AA009AEC75 /* Search.swift */,
				574E281E28A51E79009AEC75 /* MovieMetaData.swift */,
				574E282028A51EB3009AEC75 /* Rating.swift */,
			);
			path = Models;
			sourceTree = "<group>";
		};
		574E27FC28A44993009AEC75 /* Repository */ = {
			isa = PBXGroup;
			children = (
				574E27FD28A449A4009AEC75 /* MoviesRepository */,
			);
			path = Repository;
			sourceTree = "<group>";
		};
		574E27FD28A449A4009AEC75 /* MoviesRepository */ = {
			isa = PBXGroup;
			children = (
				574E27FE28A449BB009AEC75 /* MovieRepositoryContracts.swift */,
				574E280028A449C3009AEC75 /* MovieRepository.swift */,
			);
			path = MoviesRepository;
			sourceTree = "<group>";
		};
		574E280228A44D92009AEC75 /* Extensions */ = {
			isa = PBXGroup;
			children = (
				574E280328A44DA0009AEC75 /* TableView+Extensions.swift */,
				574E281328A4F1C8009AEC75 /* String+Extensions.swift */,
				5792811B28A5288A003A119B /* StackView+Extension.swift */,
			);
			path = Extensions;
			sourceTree = "<group>";
		};
		574E280528A44E26009AEC75 /* UIComponents */ = {
			isa = PBXGroup;
			children = (
				574E280C28A4F027009AEC75 /* Cells */,
				574E280628A44E32009AEC75 /* UIViews */,
			);
			path = UIComponents;
			sourceTree = "<group>";
		};
		574E280628A44E32009AEC75 /* UIViews */ = {
			isa = PBXGroup;
			children = (
				574E280728A4E7BE009AEC75 /* EmptyCellView.swift */,
				5792811728A5261C003A119B /* ChipView.swift */,
				5792811928A5271E003A119B /* RatingsView.swift */,
				5792811D28A53D76003A119B /* DataRowView.swift */,
			);
			path = UIViews;
			sourceTree = "<group>";
		};
		574E280C28A4F027009AEC75 /* Cells */ = {
			isa = PBXGroup;
			children = (
				574E280D28A4F02C009AEC75 /* MovieCell */,
			);
			path = Cells;
			sourceTree = "<group>";
		};
		574E280D28A4F02C009AEC75 /* MovieCell */ = {
			isa = PBXGroup;
			children = (
				574E280E28A4F04B009AEC75 /* MovieCell.swift */,
			);
			path = MovieCell;
			sourceTree = "<group>";
		};
		574E281528A51A31009AEC75 /* MovieDetail */ = {
			isa = PBXGroup;
			children = (
				574E281628A51A47009AEC75 /* MovieDetailViewController.swift */,
				574E281828A51A53009AEC75 /* MovieDetailBuilder.swift */,
				574E281A28A51A5C009AEC75 /* MovieDetailContracts.swift */,
				574E281C28A51A64009AEC75 /* MovieDetailViewModel.swift */,
			);
			path = MovieDetail;
			sourceTree = "<group>";
		};
		57A6748F28A3B66F00B30677 = {
			isa = PBXGroup;
			children = (
				57A6749A28A3B66F00B30677 /* lodos_case */,
				57A674B128A3B67200B30677 /* lodos_caseTests */,
				57A674BB28A3B67200B30677 /* lodos_caseUITests */,
				57A6749928A3B66F00B30677 /* Products */,
			);
			sourceTree = "<group>";
		};
		57A6749928A3B66F00B30677 /* Products */ = {
			isa = PBXGroup;
			children = (
				57A6749828A3B66F00B30677 /* lodos_case.app */,
				57A674AE28A3B67200B30677 /* lodos_caseTests.xctest */,
				57A674B828A3B67200B30677 /* lodos_caseUITests.xctest */,
			);
			name = Products;
			sourceTree = "<group>";
		};
		57A6749A28A3B66F00B30677 /* lodos_case */ = {
			isa = PBXGroup;
			children = (
				574E280528A44E26009AEC75 /* UIComponents */,
				574E280228A44D92009AEC75 /* Extensions */,
				574E27E128A438EB009AEC75 /* GoogleService-Info.plist */,
				574E278E28A42F0B009AEC75 /* Utilities */,
				574E278328A42EB2009AEC75 /* DataProvider */,
				57A674CD28A3B7C800B30677 /* AppDelegate */,
				57A674CC28A3B72300B30677 /* Resource */,
				57A674CB28A3B71C00B30677 /* Scenes */,
				57A674A928A3B67200B30677 /* Info.plist */,
			);
			path = lodos_case;
			sourceTree = "<group>";
		};
		57A674B128A3B67200B30677 /* lodos_caseTests */ = {
			isa = PBXGroup;
			children = (
				57A674B228A3B67200B30677 /* lodos_caseTests.swift */,
			);
			path = lodos_caseTests;
			sourceTree = "<group>";
		};
		57A674BB28A3B67200B30677 /* lodos_caseUITests */ = {
			isa = PBXGroup;
			children = (
				57A674BC28A3B67200B30677 /* lodos_caseUITests.swift */,
				57A674BE28A3B67200B30677 /* lodos_caseUITestsLaunchTests.swift */,
			);
			path = lodos_caseUITests;
			sourceTree = "<group>";
		};
		57A674CB28A3B71C00B30677 /* Scenes */ = {
			isa = PBXGroup;
			children = (
				574E281528A51A31009AEC75 /* MovieDetail */,
				574E279E28A43404009AEC75 /* Home */,
				57A674CE28A3B7D300B30677 /* Splash */,
			);
			path = Scenes;
			sourceTree = "<group>";
		};
		57A674CC28A3B72300B30677 /* Resource */ = {
			isa = PBXGroup;
			children = (
				57A674A428A3B67200B30677 /* Assets.xcassets */,
				57A674A628A3B67200B30677 /* LaunchScreen.storyboard */,
			);
			path = Resource;
			sourceTree = "<group>";
		};
		57A674CD28A3B7C800B30677 /* AppDelegate */ = {
			isa = PBXGroup;
			children = (
				57A6749B28A3B66F00B30677 /* AppDelegate.swift */,
				574E279C28A4321D009AEC75 /* SceneDelegate.swift */,
			);
			path = AppDelegate;
			sourceTree = "<group>";
		};
		57A674CE28A3B7D300B30677 /* Splash */ = {
			isa = PBXGroup;
			children = (
				57A674CF28A3B7E900B30677 /* SplashViewController.swift */,
				574E279228A42F7D009AEC75 /* SplashViewContracts.swift */,
				574E279428A42F89009AEC75 /* SplashViewModel.swift */,
			);
			path = Splash;
			sourceTree = "<group>";
		};
/* End PBXGroup section */

/* Begin PBXNativeTarget section */
		57A6749728A3B66F00B30677 /* lodos_case */ = {
			isa = PBXNativeTarget;
			buildConfigurationList = 57A674C228A3B67200B30677 /* Build configuration list for PBXNativeTarget "lodos_case" */;
			buildPhases = (
				57A6749428A3B66F00B30677 /* Sources */,
				57A6749528A3B66F00B30677 /* Frameworks */,
				57A6749628A3B66F00B30677 /* Resources */,
			);
			buildRules = (
			);
			dependencies = (
			);
			name = lodos_case;
			packageProductDependencies = (
				574E279728A4304D009AEC75 /* Alamofire */,
				574E279A28A4306A009AEC75 /* TinyConstraints */,
				574E281128A4F189009AEC75 /* Kingfisher */,
				570F9B7C28A570F000AC1C66 /* FirebaseAnalytics */,
				570F9B7E28A570F000AC1C66 /* FirebaseAnalyticsOnDeviceConversion */,
				570F9B8028A570F000AC1C66 /* FirebaseAnalyticsSwift */,
				570F9B8228A570F000AC1C66 /* FirebaseAnalyticsWithoutAdIdSupport */,
				570F9B8428A570F000AC1C66 /* FirebaseMessaging */,
				570F9B8628A570F000AC1C66 /* FirebaseRemoteConfig */,
				570F9B8828A570F000AC1C66 /* FirebaseRemoteConfigSwift */,
			);
			productName = lodos_case;
			productReference = 57A6749828A3B66F00B30677 /* lodos_case.app */;
			productType = "com.apple.product-type.application";
		};
		57A674AD28A3B67200B30677 /* lodos_caseTests */ = {
			isa = PBXNativeTarget;
			buildConfigurationList = 57A674C528A3B67200B30677 /* Build configuration list for PBXNativeTarget "lodos_caseTests" */;
			buildPhases = (
				57A674AA28A3B67200B30677 /* Sources */,
				57A674AB28A3B67200B30677 /* Frameworks */,
				57A674AC28A3B67200B30677 /* Resources */,
			);
			buildRules = (
			);
			dependencies = (
				57A674B028A3B67200B30677 /* PBXTargetDependency */,
			);
			name = lodos_caseTests;
			productName = lodos_caseTests;
			productReference = 57A674AE28A3B67200B30677 /* lodos_caseTests.xctest */;
			productType = "com.apple.product-type.bundle.unit-test";
		};
		57A674B728A3B67200B30677 /* lodos_caseUITests */ = {
			isa = PBXNativeTarget;
			buildConfigurationList = 57A674C828A3B67200B30677 /* Build configuration list for PBXNativeTarget "lodos_caseUITests" */;
			buildPhases = (
				57A674B428A3B67200B30677 /* Sources */,
				57A674B528A3B67200B30677 /* Frameworks */,
				57A674B628A3B67200B30677 /* Resources */,
			);
			buildRules = (
			);
			dependencies = (
				57A674BA28A3B67200B30677 /* PBXTargetDependency */,
			);
			name = lodos_caseUITests;
			productName = lodos_caseUITests;
			productReference = 57A674B828A3B67200B30677 /* lodos_caseUITests.xctest */;
			productType = "com.apple.product-type.bundle.ui-testing";
		};
/* End PBXNativeTarget section */

/* Begin PBXProject section */
		57A6749028A3B66F00B30677 /* Project object */ = {
			isa = PBXProject;
			attributes = {
				BuildIndependentTargetsInParallel = 1;
				LastSwiftUpdateCheck = 1330;
				LastUpgradeCheck = 1330;
				TargetAttributes = {
					57A6749728A3B66F00B30677 = {
						CreatedOnToolsVersion = 13.3;
					};
					57A674AD28A3B67200B30677 = {
						CreatedOnToolsVersion = 13.3;
						TestTargetID = 57A6749728A3B66F00B30677;
					};
					57A674B728A3B67200B30677 = {
						CreatedOnToolsVersion = 13.3;
						TestTargetID = 57A6749728A3B66F00B30677;
					};
				};
			};
			buildConfigurationList = 57A6749328A3B66F00B30677 /* Build configuration list for PBXProject "lodos_case" */;
			compatibilityVersion = "Xcode 13.0";
			developmentRegion = en;
			hasScannedForEncodings = 0;
			knownRegions = (
				en,
				Base,
			);
			mainGroup = 57A6748F28A3B66F00B30677;
			packageReferences = (
				574E279628A4304D009AEC75 /* XCRemoteSwiftPackageReference "Alamofire" */,
				574E279928A4306A009AEC75 /* XCRemoteSwiftPackageReference "TinyConstraints" */,
				574E281028A4F189009AEC75 /* XCRemoteSwiftPackageReference "Kingfisher" */,
				570F9B7B28A570F000AC1C66 /* XCRemoteSwiftPackageReference "firebase-ios-sdk" */,
			);
			productRefGroup = 57A6749928A3B66F00B30677 /* Products */;
			projectDirPath = "";
			projectRoot = "";
			targets = (
				57A6749728A3B66F00B30677 /* lodos_case */,
				57A674AD28A3B67200B30677 /* lodos_caseTests */,
				57A674B728A3B67200B30677 /* lodos_caseUITests */,
			);
		};
/* End PBXProject section */

/* Begin PBXResourcesBuildPhase section */
		57A6749628A3B66F00B30677 /* Resources */ = {
			isa = PBXResourcesBuildPhase;
			buildActionMask = 2147483647;
			files = (
				57A674A828A3B67200B30677 /* LaunchScreen.storyboard in Resources */,
				57A674A528A3B67200B30677 /* Assets.xcassets in Resources */,
				574E27E228A438EB009AEC75 /* GoogleService-Info.plist in Resources */,
			);
			runOnlyForDeploymentPostprocessing = 0;
		};
		57A674AC28A3B67200B30677 /* Resources */ = {
			isa = PBXResourcesBuildPhase;
			buildActionMask = 2147483647;
			files = (
			);
			runOnlyForDeploymentPostprocessing = 0;
		};
		57A674B628A3B67200B30677 /* Resources */ = {
			isa = PBXResourcesBuildPhase;
			buildActionMask = 2147483647;
			files = (
			);
			runOnlyForDeploymentPostprocessing = 0;
		};
/* End PBXResourcesBuildPhase section */

/* Begin PBXSourcesBuildPhase section */
		57A6749428A3B66F00B30677 /* Sources */ = {
			isa = PBXSourcesBuildPhase;
			buildActionMask = 2147483647;
			files = (
				574E27F928A44651009AEC75 /* HomeViewModel.swift in Sources */,
				5792811E28A53D76003A119B /* DataRowView.swift in Sources */,
				574E27FF28A449BB009AEC75 /* MovieRepositoryContracts.swift in Sources */,
				574E278728A42ECD009AEC75 /* HttpMethod.swift in Sources */,
				574E278D28A42EE2009AEC75 /* NetworkError.swift in Sources */,
				574E27F528A445AA009AEC75 /* Search.swift in Sources */,
				5792811A28A5271E003A119B /* RatingsView.swift in Sources */,
				574E281928A51A53009AEC75 /* MovieDetailBuilder.swift in Sources */,
				574E278928A42ED5009AEC75 /* HttpHeader.swift in Sources */,
				574E281428A4F1C8009AEC75 /* String+Extensions.swift in Sources */,
				574E281F28A51E79009AEC75 /* MovieMetaData.swift in Sources */,
				574E27F728A445FE009AEC75 /* MoviesServices.swift in Sources */,
				574E278528A42EC4009AEC75 /* NetworkContracts.swift in Sources */,
				574E281B28A51A5C009AEC75 /* MovieDetailContracts.swift in Sources */,
				574E282128A51EB3009AEC75 /* Rating.swift in Sources */,
				574E280828A4E7BE009AEC75 /* EmptyCellView.swift in Sources */,
				574E27F028A444F6009AEC75 /* MoviesDataSources.swift in Sources */,
				574E27ED28A44220009AEC75 /* HTTPClients.swift in Sources */,
				574E27E028A43668009AEC75 /* HomeViewBuilder.swift in Sources */,
				574E279128A42F25009AEC75 /* Connectivity.swift in Sources */,
				574E279528A42F89009AEC75 /* SplashViewModel.swift in Sources */,
				57A6749C28A3B66F00B30677 /* AppDelegate.swift in Sources */,
				574E280128A449C3009AEC75 /* MovieRepository.swift in Sources */,
				574E27F328A44543009AEC75 /* Movies.swift in Sources */,
				574E279D28A4321D009AEC75 /* SceneDelegate.swift in Sources */,
				5792811C28A5288A003A119B /* StackView+Extension.swift in Sources */,
				574E27FB28A44672009AEC75 /* HomeViewContracts.swift in Sources */,
				57A674D028A3B7E900B30677 /* SplashViewController.swift in Sources */,
				574E278B28A42EDC009AEC75 /* NetworkExecuter.swift in Sources */,
				574E279328A42F7D009AEC75 /* SplashViewContracts.swift in Sources */,
				574E280428A44DA0009AEC75 /* TableView+Extensions.swift in Sources */,
				574E281D28A51A64009AEC75 /* MovieDetailViewModel.swift in Sources */,
				574E280F28A4F04B009AEC75 /* MovieCell.swift in Sources */,
				574E281728A51A47009AEC75 /* MovieDetailViewController.swift in Sources */,
				574E27A028A43415009AEC75 /* HomeViewController.swift in Sources */,
				5792811828A5261C003A119B /* ChipView.swift in Sources */,
			);
			runOnlyForDeploymentPostprocessing = 0;
		};
		57A674AA28A3B67200B30677 /* Sources */ = {
			isa = PBXSourcesBuildPhase;
			buildActionMask = 2147483647;
			files = (
				57A674B328A3B67200B30677 /* lodos_caseTests.swift in Sources */,
			);
			runOnlyForDeploymentPostprocessing = 0;
		};
		57A674B428A3B67200B30677 /* Sources */ = {
			isa = PBXSourcesBuildPhase;
			buildActionMask = 2147483647;
			files = (
				57A674BF28A3B67200B30677 /* lodos_caseUITestsLaunchTests.swift in Sources */,
				57A674BD28A3B67200B30677 /* lodos_caseUITests.swift in Sources */,
			);
			runOnlyForDeploymentPostprocessing = 0;
		};
/* End PBXSourcesBuildPhase section */

/* Begin PBXTargetDependency section */
		57A674B028A3B67200B30677 /* PBXTargetDependency */ = {
			isa = PBXTargetDependency;
			target = 57A6749728A3B66F00B30677 /* lodos_case */;
			targetProxy = 57A674AF28A3B67200B30677 /* PBXContainerItemProxy */;
		};
		57A674BA28A3B67200B30677 /* PBXTargetDependency */ = {
			isa = PBXTargetDependency;
			target = 57A6749728A3B66F00B30677 /* lodos_case */;
			targetProxy = 57A674B928A3B67200B30677 /* PBXContainerItemProxy */;
		};
/* End PBXTargetDependency section */

/* Begin PBXVariantGroup section */
		57A674A628A3B67200B30677 /* LaunchScreen.storyboard */ = {
			isa = PBXVariantGroup;
			children = (
				57A674A728A3B67200B30677 /* Base */,
			);
			name = LaunchScreen.storyboard;
			sourceTree = "<group>";
		};
/* End PBXVariantGroup section */

/* Begin XCBuildConfiguration section */
		57A674C028A3B67200B30677 /* Debug */ = {
			isa = XCBuildConfiguration;
			buildSettings = {
				ALWAYS_SEARCH_USER_PATHS = NO;
				CLANG_ANALYZER_NONNULL = YES;
				CLANG_ANALYZER_NUMBER_OBJECT_CONVERSION = YES_AGGRESSIVE;
				CLANG_CXX_LANGUAGE_STANDARD = "gnu++17";
				CLANG_ENABLE_MODULES = YES;
				CLANG_ENABLE_OBJC_ARC = YES;
				CLANG_ENABLE_OBJC_WEAK = YES;
				CLANG_WARN_BLOCK_CAPTURE_AUTORELEASING = YES;
				CLANG_WARN_BOOL_CONVERSION = YES;
				CLANG_WARN_COMMA = YES;
				CLANG_WARN_CONSTANT_CONVERSION = YES;
				CLANG_WARN_DEPRECATED_OBJC_IMPLEMENTATIONS = YES;
				CLANG_WARN_DIRECT_OBJC_ISA_USAGE = YES_ERROR;
				CLANG_WARN_DOCUMENTATION_COMMENTS = YES;
				CLANG_WARN_EMPTY_BODY = YES;
				CLANG_WARN_ENUM_CONVERSION = YES;
				CLANG_WARN_INFINITE_RECURSION = YES;
				CLANG_WARN_INT_CONVERSION = YES;
				CLANG_WARN_NON_LITERAL_NULL_CONVERSION = YES;
				CLANG_WARN_OBJC_IMPLICIT_RETAIN_SELF = YES;
				CLANG_WARN_OBJC_LITERAL_CONVERSION = YES;
				CLANG_WARN_OBJC_ROOT_CLASS = YES_ERROR;
				CLANG_WARN_QUOTED_INCLUDE_IN_FRAMEWORK_HEADER = YES;
				CLANG_WARN_RANGE_LOOP_ANALYSIS = YES;
				CLANG_WARN_STRICT_PROTOTYPES = YES;
				CLANG_WARN_SUSPICIOUS_MOVE = YES;
				CLANG_WARN_UNGUARDED_AVAILABILITY = YES_AGGRESSIVE;
				CLANG_WARN_UNREACHABLE_CODE = YES;
				CLANG_WARN__DUPLICATE_METHOD_MATCH = YES;
				COPY_PHASE_STRIP = NO;
				DEBUG_INFORMATION_FORMAT = dwarf;
				ENABLE_STRICT_OBJC_MSGSEND = YES;
				ENABLE_TESTABILITY = YES;
				GCC_C_LANGUAGE_STANDARD = gnu11;
				GCC_DYNAMIC_NO_PIC = NO;
				GCC_NO_COMMON_BLOCKS = YES;
				GCC_OPTIMIZATION_LEVEL = 0;
				GCC_PREPROCESSOR_DEFINITIONS = (
					"DEBUG=1",
					"$(inherited)",
				);
				GCC_WARN_64_TO_32_BIT_CONVERSION = YES;
				GCC_WARN_ABOUT_RETURN_TYPE = YES_ERROR;
				GCC_WARN_UNDECLARED_SELECTOR = YES;
				GCC_WARN_UNINITIALIZED_AUTOS = YES_AGGRESSIVE;
				GCC_WARN_UNUSED_FUNCTION = YES;
				GCC_WARN_UNUSED_VARIABLE = YES;
				IPHONEOS_DEPLOYMENT_TARGET = 15.4;
				MTL_ENABLE_DEBUG_INFO = INCLUDE_SOURCE;
				MTL_FAST_MATH = YES;
				ONLY_ACTIVE_ARCH = YES;
				SDKROOT = iphoneos;
				SWIFT_ACTIVE_COMPILATION_CONDITIONS = DEBUG;
				SWIFT_OPTIMIZATION_LEVEL = "-Onone";
			};
			name = Debug;
		};
		57A674C128A3B67200B30677 /* Release */ = {
			isa = XCBuildConfiguration;
			buildSettings = {
				ALWAYS_SEARCH_USER_PATHS = NO;
				CLANG_ANALYZER_NONNULL = YES;
				CLANG_ANALYZER_NUMBER_OBJECT_CONVERSION = YES_AGGRESSIVE;
				CLANG_CXX_LANGUAGE_STANDARD = "gnu++17";
				CLANG_ENABLE_MODULES = YES;
				CLANG_ENABLE_OBJC_ARC = YES;
				CLANG_ENABLE_OBJC_WEAK = YES;
				CLANG_WARN_BLOCK_CAPTURE_AUTORELEASING = YES;
				CLANG_WARN_BOOL_CONVERSION = YES;
				CLANG_WARN_COMMA = YES;
				CLANG_WARN_CONSTANT_CONVERSION = YES;
				CLANG_WARN_DEPRECATED_OBJC_IMPLEMENTATIONS = YES;
				CLANG_WARN_DIRECT_OBJC_ISA_USAGE = YES_ERROR;
				CLANG_WARN_DOCUMENTATION_COMMENTS = YES;
				CLANG_WARN_EMPTY_BODY = YES;
				CLANG_WARN_ENUM_CONVERSION = YES;
				CLANG_WARN_INFINITE_RECURSION = YES;
				CLANG_WARN_INT_CONVERSION = YES;
				CLANG_WARN_NON_LITERAL_NULL_CONVERSION = YES;
				CLANG_WARN_OBJC_IMPLICIT_RETAIN_SELF = YES;
				CLANG_WARN_OBJC_LITERAL_CONVERSION = YES;
				CLANG_WARN_OBJC_ROOT_CLASS = YES_ERROR;
				CLANG_WARN_QUOTED_INCLUDE_IN_FRAMEWORK_HEADER = YES;
				CLANG_WARN_RANGE_LOOP_ANALYSIS = YES;
				CLANG_WARN_STRICT_PROTOTYPES = YES;
				CLANG_WARN_SUSPICIOUS_MOVE = YES;
				CLANG_WARN_UNGUARDED_AVAILABILITY = YES_AGGRESSIVE;
				CLANG_WARN_UNREACHABLE_CODE = YES;
				CLANG_WARN__DUPLICATE_METHOD_MATCH = YES;
				COPY_PHASE_STRIP = NO;
				DEBUG_INFORMATION_FORMAT = "dwarf-with-dsym";
				ENABLE_NS_ASSERTIONS = NO;
				ENABLE_STRICT_OBJC_MSGSEND = YES;
				GCC_C_LANGUAGE_STANDARD = gnu11;
				GCC_NO_COMMON_BLOCKS = YES;
				GCC_WARN_64_TO_32_BIT_CONVERSION = YES;
				GCC_WARN_ABOUT_RETURN_TYPE = YES_ERROR;
				GCC_WARN_UNDECLARED_SELECTOR = YES;
				GCC_WARN_UNINITIALIZED_AUTOS = YES_AGGRESSIVE;
				GCC_WARN_UNUSED_FUNCTION = YES;
				GCC_WARN_UNUSED_VARIABLE = YES;
				IPHONEOS_DEPLOYMENT_TARGET = 15.4;
				MTL_ENABLE_DEBUG_INFO = NO;
				MTL_FAST_MATH = YES;
				SDKROOT = iphoneos;
				SWIFT_COMPILATION_MODE = wholemodule;
				SWIFT_OPTIMIZATION_LEVEL = "-O";
				VALIDATE_PRODUCT = YES;
			};
			name = Release;
		};
		57A674C328A3B67200B30677 /* Debug */ = {
			isa = XCBuildConfiguration;
			buildSettings = {
				ASSETCATALOG_COMPILER_APPICON_NAME = AppIcon;
				ASSETCATALOG_COMPILER_GLOBAL_ACCENT_COLOR_NAME = AccentColor;
				CODE_SIGN_STYLE = Automatic;
				CURRENT_PROJECT_VERSION = 1;
				DEVELOPMENT_TEAM = L84S6J4X53;
				GENERATE_INFOPLIST_FILE = YES;
				INFOPLIST_FILE = lodos_case/Info.plist;
				INFOPLIST_KEY_UIApplicationSupportsIndirectInputEvents = YES;
				INFOPLIST_KEY_UILaunchStoryboardName = LaunchScreen;
				INFOPLIST_KEY_UISupportedInterfaceOrientations_iPad = "UIInterfaceOrientationPortrait UIInterfaceOrientationPortraitUpsideDown UIInterfaceOrientationLandscapeLeft UIInterfaceOrientationLandscapeRight";
				INFOPLIST_KEY_UISupportedInterfaceOrientations_iPhone = "UIInterfaceOrientationPortrait UIInterfaceOrientationLandscapeLeft UIInterfaceOrientationLandscapeRight";
				LD_RUNPATH_SEARCH_PATHS = (
					"$(inherited)",
					"@executable_path/Frameworks",
				);
				MARKETING_VERSION = 1.0;
				PRODUCT_BUNDLE_IDENTIFIER = "sercanKAYA.lodos-case";
				PRODUCT_NAME = "$(TARGET_NAME)";
				SWIFT_EMIT_LOC_STRINGS = YES;
				SWIFT_VERSION = 5.0;
				TARGETED_DEVICE_FAMILY = "1,2";
			};
			name = Debug;
		};
		57A674C428A3B67200B30677 /* Release */ = {
			isa = XCBuildConfiguration;
			buildSettings = {
				ASSETCATALOG_COMPILER_APPICON_NAME = AppIcon;
				ASSETCATALOG_COMPILER_GLOBAL_ACCENT_COLOR_NAME = AccentColor;
				CODE_SIGN_STYLE = Automatic;
				CURRENT_PROJECT_VERSION = 1;
				DEVELOPMENT_TEAM = L84S6J4X53;
				GENERATE_INFOPLIST_FILE = YES;
				INFOPLIST_FILE = lodos_case/Info.plist;
				INFOPLIST_KEY_UIApplicationSupportsIndirectInputEvents = YES;
				INFOPLIST_KEY_UILaunchStoryboardName = LaunchScreen;
				INFOPLIST_KEY_UISupportedInterfaceOrientations_iPad = "UIInterfaceOrientationPortrait UIInterfaceOrientationPortraitUpsideDown UIInterfaceOrientationLandscapeLeft UIInterfaceOrientationLandscapeRight";
				INFOPLIST_KEY_UISupportedInterfaceOrientations_iPhone = "UIInterfaceOrientationPortrait UIInterfaceOrientationLandscapeLeft UIInterfaceOrientationLandscapeRight";
				LD_RUNPATH_SEARCH_PATHS = (
					"$(inherited)",
					"@executable_path/Frameworks",
				);
				MARKETING_VERSION = 1.0;
				PRODUCT_BUNDLE_IDENTIFIER = "sercanKAYA.lodos-case";
				PRODUCT_NAME = "$(TARGET_NAME)";
				SWIFT_EMIT_LOC_STRINGS = YES;
				SWIFT_VERSION = 5.0;
				TARGETED_DEVICE_FAMILY = "1,2";
			};
			name = Release;
		};
		57A674C628A3B67200B30677 /* Debug */ = {
			isa = XCBuildConfiguration;
			buildSettings = {
				ALWAYS_EMBED_SWIFT_STANDARD_LIBRARIES = YES;
				BUNDLE_LOADER = "$(TEST_HOST)";
				CODE_SIGN_STYLE = Automatic;
				CURRENT_PROJECT_VERSION = 1;
				GENERATE_INFOPLIST_FILE = YES;
				IPHONEOS_DEPLOYMENT_TARGET = 15.4;
				MARKETING_VERSION = 1.0;
				PRODUCT_BUNDLE_IDENTIFIER = "sercanKAYA.lodos-caseTests";
				PRODUCT_NAME = "$(TARGET_NAME)";
				SWIFT_EMIT_LOC_STRINGS = NO;
				SWIFT_VERSION = 5.0;
				TARGETED_DEVICE_FAMILY = "1,2";
				TEST_HOST = "$(BUILT_PRODUCTS_DIR)/lodos_case.app/lodos_case";
			};
			name = Debug;
		};
		57A674C728A3B67200B30677 /* Release */ = {
			isa = XCBuildConfiguration;
			buildSettings = {
				ALWAYS_EMBED_SWIFT_STANDARD_LIBRARIES = YES;
				BUNDLE_LOADER = "$(TEST_HOST)";
				CODE_SIGN_STYLE = Automatic;
				CURRENT_PROJECT_VERSION = 1;
				GENERATE_INFOPLIST_FILE = YES;
				IPHONEOS_DEPLOYMENT_TARGET = 15.4;
				MARKETING_VERSION = 1.0;
				PRODUCT_BUNDLE_IDENTIFIER = "sercanKAYA.lodos-caseTests";
				PRODUCT_NAME = "$(TARGET_NAME)";
				SWIFT_EMIT_LOC_STRINGS = NO;
				SWIFT_VERSION = 5.0;
				TARGETED_DEVICE_FAMILY = "1,2";
				TEST_HOST = "$(BUILT_PRODUCTS_DIR)/lodos_case.app/lodos_case";
			};
			name = Release;
		};
		57A674C928A3B67200B30677 /* Debug */ = {
			isa = XCBuildConfiguration;
			buildSettings = {
				ALWAYS_EMBED_SWIFT_STANDARD_LIBRARIES = YES;
				CODE_SIGN_STYLE = Automatic;
				CURRENT_PROJECT_VERSION = 1;
				GENERATE_INFOPLIST_FILE = YES;
				MARKETING_VERSION = 1.0;
				PRODUCT_BUNDLE_IDENTIFIER = "sercanKAYA.lodos-caseUITests";
				PRODUCT_NAME = "$(TARGET_NAME)";
				SWIFT_EMIT_LOC_STRINGS = NO;
				SWIFT_VERSION = 5.0;
				TARGETED_DEVICE_FAMILY = "1,2";
				TEST_TARGET_NAME = lodos_case;
			};
			name = Debug;
		};
		57A674CA28A3B67200B30677 /* Release */ = {
			isa = XCBuildConfiguration;
			buildSettings = {
				ALWAYS_EMBED_SWIFT_STANDARD_LIBRARIES = YES;
				CODE_SIGN_STYLE = Automatic;
				CURRENT_PROJECT_VERSION = 1;
				GENERATE_INFOPLIST_FILE = YES;
				MARKETING_VERSION = 1.0;
				PRODUCT_BUNDLE_IDENTIFIER = "sercanKAYA.lodos-caseUITests";
				PRODUCT_NAME = "$(TARGET_NAME)";
				SWIFT_EMIT_LOC_STRINGS = NO;
				SWIFT_VERSION = 5.0;
				TARGETED_DEVICE_FAMILY = "1,2";
				TEST_TARGET_NAME = lodos_case;
			};
			name = Release;
		};
/* End XCBuildConfiguration section */

/* Begin XCConfigurationList section */
		57A6749328A3B66F00B30677 /* Build configuration list for PBXProject "lodos_case" */ = {
			isa = XCConfigurationList;
			buildConfigurations = (
				57A674C028A3B67200B30677 /* Debug */,
				57A674C128A3B67200B30677 /* Release */,
			);
			defaultConfigurationIsVisible = 0;
			defaultConfigurationName = Release;
		};
		57A674C228A3B67200B30677 /* Build configuration list for PBXNativeTarget "lodos_case" */ = {
			isa = XCConfigurationList;
			buildConfigurations = (
				57A674C328A3B67200B30677 /* Debug */,
				57A674C428A3B67200B30677 /* Release */,
			);
			defaultConfigurationIsVisible = 0;
			defaultConfigurationName = Release;
		};
		57A674C528A3B67200B30677 /* Build configuration list for PBXNativeTarget "lodos_caseTests" */ = {
			isa = XCConfigurationList;
			buildConfigurations = (
				57A674C628A3B67200B30677 /* Debug */,
				57A674C728A3B67200B30677 /* Release */,
			);
			defaultConfigurationIsVisible = 0;
			defaultConfigurationName = Release;
		};
		57A674C828A3B67200B30677 /* Build configuration list for PBXNativeTarget "lodos_caseUITests" */ = {
			isa = XCConfigurationList;
			buildConfigurations = (
				57A674C928A3B67200B30677 /* Debug */,
				57A674CA28A3B67200B30677 /* Release */,
			);
			defaultConfigurationIsVisible = 0;
			defaultConfigurationName = Release;
		};
/* End XCConfigurationList section */

/* Begin XCRemoteSwiftPackageReference section */
		570F9B7B28A570F000AC1C66 /* XCRemoteSwiftPackageReference "firebase-ios-sdk" */ = {
			isa = XCRemoteSwiftPackageReference;
			repositoryURL = "https://github.com/firebase/firebase-ios-sdk";
			requirement = {
				branch = master;
				kind = branch;
			};
		};
		574E279628A4304D009AEC75 /* XCRemoteSwiftPackageReference "Alamofire" */ = {
			isa = XCRemoteSwiftPackageReference;
			repositoryURL = "https://github.com/Alamofire/Alamofire";
			requirement = {
				kind = upToNextMajorVersion;
				minimumVersion = 5.0.0;
			};
		};
		574E279928A4306A009AEC75 /* XCRemoteSwiftPackageReference "TinyConstraints" */ = {
			isa = XCRemoteSwiftPackageReference;
			repositoryURL = "https://github.com/roberthein/TinyConstraints.git";
			requirement = {
				branch = master;
				kind = branch;
			};
		};
		574E281028A4F189009AEC75 /* XCRemoteSwiftPackageReference "Kingfisher" */ = {
			isa = XCRemoteSwiftPackageReference;
			repositoryURL = "https://github.com/onevcat/Kingfisher";
			requirement = {
				kind = upToNextMajorVersion;
				minimumVersion = 7.0.0;
			};
		};
/* End XCRemoteSwiftPackageReference section */

/* Begin XCSwiftPackageProductDependency section */
		570F9B7C28A570F000AC1C66 /* FirebaseAnalytics */ = {
			isa = XCSwiftPackageProductDependency;
			package = 570F9B7B28A570F000AC1C66 /* XCRemoteSwiftPackageReference "firebase-ios-sdk" */;
			productName = FirebaseAnalytics;
		};
		570F9B7E28A570F000AC1C66 /* FirebaseAnalyticsOnDeviceConversion */ = {
			isa = XCSwiftPackageProductDependency;
			package = 570F9B7B28A570F000AC1C66 /* XCRemoteSwiftPackageReference "firebase-ios-sdk" */;
			productName = FirebaseAnalyticsOnDeviceConversion;
		};
		570F9B8028A570F000AC1C66 /* FirebaseAnalyticsSwift */ = {
			isa = XCSwiftPackageProductDependency;
			package = 570F9B7B28A570F000AC1C66 /* XCRemoteSwiftPackageReference "firebase-ios-sdk" */;
			productName = FirebaseAnalyticsSwift;
		};
		570F9B8228A570F000AC1C66 /* FirebaseAnalyticsWithoutAdIdSupport */ = {
			isa = XCSwiftPackageProductDependency;
			package = 570F9B7B28A570F000AC1C66 /* XCRemoteSwiftPackageReference "firebase-ios-sdk" */;
			productName = FirebaseAnalyticsWithoutAdIdSupport;
		};
		570F9B8428A570F000AC1C66 /* FirebaseMessaging */ = {
			isa = XCSwiftPackageProductDependency;
			package = 570F9B7B28A570F000AC1C66 /* XCRemoteSwiftPackageReference "firebase-ios-sdk" */;
			productName = FirebaseMessaging;
		};
		570F9B8628A570F000AC1C66 /* FirebaseRemoteConfig */ = {
			isa = XCSwiftPackageProductDependency;
			package = 570F9B7B28A570F000AC1C66 /* XCRemoteSwiftPackageReference "firebase-ios-sdk" */;
			productName = FirebaseRemoteConfig;
		};
		570F9B8828A570F000AC1C66 /* FirebaseRemoteConfigSwift */ = {
			isa = XCSwiftPackageProductDependency;
			package = 570F9B7B28A570F000AC1C66 /* XCRemoteSwiftPackageReference "firebase-ios-sdk" */;
			productName = FirebaseRemoteConfigSwift;
		};
		574E279728A4304D009AEC75 /* Alamofire */ = {
			isa = XCSwiftPackageProductDependency;
			package = 574E279628A4304D009AEC75 /* XCRemoteSwiftPackageReference "Alamofire" */;
			productName = Alamofire;
		};
		574E279A28A4306A009AEC75 /* TinyConstraints */ = {
			isa = XCSwiftPackageProductDependency;
			package = 574E279928A4306A009AEC75 /* XCRemoteSwiftPackageReference "TinyConstraints" */;
			productName = TinyConstraints;
		};
		574E281128A4F189009AEC75 /* Kingfisher */ = {
			isa = XCSwiftPackageProductDependency;
			package = 574E281028A4F189009AEC75 /* XCRemoteSwiftPackageReference "Kingfisher" */;
			productName = Kingfisher;
		};
/* End XCSwiftPackageProductDependency section */
	};
	rootObject = 57A6749028A3B66F00B30677 /* Project object */;
}
